hash: 675ae284daca4a151c6f17df06a2a9b3967c3c4f27a24b39c9ffa967cdf7f130
updated: 2018-01-02T15:21:14.597314-05:00
imports:
- name: github.com/DispatchMe/go-debug
  version: 6213e8563230022bdfc1e3456e6da91d8419ceee
- name: github.com/fatih/structs
  version: a720dfa8df582c51dee1b36feabb906bde1588bd
- name: github.com/jmoiron/sqlx
  version: 05b81a7d5d38058e42148dc01f17daf4acba4640
  subpackages:
  - reflectx
testImports:
- name: github.com/gopherjs/gopherjs
  version: 2b1d432c8a82c9bff0b0baffaeb3ec6e92974112
  subpackages:
  - js
- name: github.com/jtolds/gls
  version: 77f18212c9c7edc9bd6a33d383a7b545ce62f064
- name: github.com/smartystreets/assertions
  version: 4ea54c1f28ad3ae597e76607dea3871fa177e263
  subpackages:
  - internal/go-render/render
  - internal/oglematchers
- name: github.com/smartystreets/goconvey
  version: 9e8dc3f972df6c8fcc0375ef492c24d0bb204857
  subpackages:
  - convey
  - convey/gotest
  - convey/reporting
